// !$*UTF8*$!
{
	archiveVersion = 1;
	classes = {
	};
	objectVersion = 55;
	objects = {

/* Begin PBXBuildFile section */
		6127289C28C4C9BD0003F943 /* MovieCellViewModel.swift in Sources */ = {isa = PBXBuildFile; fileRef = 6127289B28C4C9BD0003F943 /* MovieCellViewModel.swift */; };
		6128047F28B78E12000D5B33 /* SearchViewModel.swift in Sources */ = {isa = PBXBuildFile; fileRef = 6128047E28B78E12000D5B33 /* SearchViewModel.swift */; };
		612E684B289D628E00A3098A /* TabBarViewController.swift in Sources */ = {isa = PBXBuildFile; fileRef = 612E684A289D628E00A3098A /* TabBarViewController.swift */; };
		613006EA28A0FD9600F89C0D /* HomeViewController.swift in Sources */ = {isa = PBXBuildFile; fileRef = 613006E928A0FD9600F89C0D /* HomeViewController.swift */; };
		613006EE28A1094600F89C0D /* Logger.swift in Sources */ = {isa = PBXBuildFile; fileRef = 613006ED28A1094600F89C0D /* Logger.swift */; };
		613006F128A1319600F89C0D /* HomeViewController + UITableView.swift in Sources */ = {isa = PBXBuildFile; fileRef = 613006F028A1319600F89C0D /* HomeViewController + UITableView.swift */; };
		613006FA28A1828E00F89C0D /* MuviAssets.swift in Sources */ = {isa = PBXBuildFile; fileRef = 613006F928A1828E00F89C0D /* MuviAssets.swift */; };
		613006FD28A189CF00F89C0D /* String + Extension.swift in Sources */ = {isa = PBXBuildFile; fileRef = 613006FC28A189CF00F89C0D /* String + Extension.swift */; };
		6130070128A19A0700F89C0D /* TitleTableViewCell.swift in Sources */ = {isa = PBXBuildFile; fileRef = 6130070028A19A0700F89C0D /* TitleTableViewCell.swift */; };
		61306AA828C0A7C000DE3B63 /* MovieCollectionViewModel.swift in Sources */ = {isa = PBXBuildFile; fileRef = 61306AA728C0A7C000DE3B63 /* MovieCollectionViewModel.swift */; };
		6132ED1328A7A31F00B700C9 /* HomeViewModel.swift in Sources */ = {isa = PBXBuildFile; fileRef = 6132ED1228A7A31F00B700C9 /* HomeViewModel.swift */; };
		61338EED289BA79A00D5D00B /* MovieResponse.swift in Sources */ = {isa = PBXBuildFile; fileRef = 61338EEC289BA79A00D5D00B /* MovieResponse.swift */; };
		61338EEF289BA99200D5D00B /* MovieModel.swift in Sources */ = {isa = PBXBuildFile; fileRef = 61338EEE289BA99200D5D00B /* MovieModel.swift */; };
		61338EF2289BC71500D5D00B /* Router.swift in Sources */ = {isa = PBXBuildFile; fileRef = 61338EF1289BC71500D5D00B /* Router.swift */; };
		61338EF9289C03B900D5D00B /* BaseViewController.swift in Sources */ = {isa = PBXBuildFile; fileRef = 61338EF8289C03B900D5D00B /* BaseViewController.swift */; };
		61338EFB289C03D200D5D00B /* UpComingMovieViewController.swift in Sources */ = {isa = PBXBuildFile; fileRef = 61338EFA289C03D200D5D00B /* UpComingMovieViewController.swift */; };
		61338EFD289C03DF00D5D00B /* SearchViewController.swift in Sources */ = {isa = PBXBuildFile; fileRef = 61338EFC289C03DF00D5D00B /* SearchViewController.swift */; };
		61338EFF289C03EA00D5D00B /* DownloadsViewController.swift in Sources */ = {isa = PBXBuildFile; fileRef = 61338EFE289C03EA00D5D00B /* DownloadsViewController.swift */; };
		6137399C28BA356200232268 /* SearchResultViewModel.swift in Sources */ = {isa = PBXBuildFile; fileRef = 6137399B28BA356200232268 /* SearchResultViewModel.swift */; };
		6138489628A3E01F00356825 /* SearchResultViewController.swift in Sources */ = {isa = PBXBuildFile; fileRef = 6138489528A3E01F00356825 /* SearchResultViewController.swift */; };
		6138489928A430D300356825 /* MovieHeaderView.swift in Sources */ = {isa = PBXBuildFile; fileRef = 6138489828A430D300356825 /* MovieHeaderView.swift */; };
		613B31EC28A27EEA006EECFF /* UpcomingMovieViewController + UITableView.swift in Sources */ = {isa = PBXBuildFile; fileRef = 613B31EB28A27EEA006EECFF /* UpcomingMovieViewController + UITableView.swift */; };
		613B31EF28A28763006EECFF /* UpcomingMoviesViewModel.swift in Sources */ = {isa = PBXBuildFile; fileRef = 613B31EE28A28763006EECFF /* UpcomingMoviesViewModel.swift */; };
		613B31F128A28841006EECFF /* ImageDownload + UIImageView.swift in Sources */ = {isa = PBXBuildFile; fileRef = 613B31F028A28841006EECFF /* ImageDownload + UIImageView.swift */; };
		613B31F328A28A40006EECFF /* AppConstants.swift in Sources */ = {isa = PBXBuildFile; fileRef = 613B31F228A28A40006EECFF /* AppConstants.swift */; };
		613B31F628A39F08006EECFF /* MovieDetailViewModel.swift in Sources */ = {isa = PBXBuildFile; fileRef = 613B31F528A39F08006EECFF /* MovieDetailViewModel.swift */; };
		613B31F828A3A0F9006EECFF /* DataPersistentManager.swift in Sources */ = {isa = PBXBuildFile; fileRef = 613B31F728A3A0F9006EECFF /* DataPersistentManager.swift */; };
		61400E6328A64689004D1977 /* SearchResultViewController + UICollectionView.swift in Sources */ = {isa = PBXBuildFile; fileRef = 61400E6228A64689004D1977 /* SearchResultViewController + UICollectionView.swift */; };
		61400E6528A66A5E004D1977 /* YoutubeSearchResponse.swift in Sources */ = {isa = PBXBuildFile; fileRef = 61400E6428A66A5E004D1977 /* YoutubeSearchResponse.swift */; };
		61400E6728A66AA9004D1977 /* YoutubeSearchModel.swift in Sources */ = {isa = PBXBuildFile; fileRef = 61400E6628A66AA9004D1977 /* YoutubeSearchModel.swift */; };
		61400E6A28A6748B004D1977 /* MovieDetailViewController.swift in Sources */ = {isa = PBXBuildFile; fileRef = 61400E6928A6748B004D1977 /* MovieDetailViewController.swift */; };
		614254E5289AB5CE00CAA465 /* NetworkService.swift in Sources */ = {isa = PBXBuildFile; fileRef = 614254E4289AB5CE00CAA465 /* NetworkService.swift */; };
		614254E7289AED1600CAA465 /* NetworkServiceEndpoint.swift in Sources */ = {isa = PBXBuildFile; fileRef = 614254E6289AED1600CAA465 /* NetworkServiceEndpoint.swift */; };
		61C6416F28A4E69500B76138 /* TitleCollectionViewCell.swift in Sources */ = {isa = PBXBuildFile; fileRef = 61C6416E28A4E69500B76138 /* TitleCollectionViewCell.swift */; };
		61C6417128A4EE9900B76138 /* CollectionViewTableViewCell.swift in Sources */ = {isa = PBXBuildFile; fileRef = 61C6417028A4EE9900B76138 /* CollectionViewTableViewCell.swift */; };
		61C6417428A528A300B76138 /* DownloadsViewControllers + UITableView.swift in Sources */ = {isa = PBXBuildFile; fileRef = 61C6417328A528A300B76138 /* DownloadsViewControllers + UITableView.swift */; };
		61C6417628A5290500B76138 /* Collection + Extension.swift in Sources */ = {isa = PBXBuildFile; fileRef = 61C6417528A5290500B76138 /* Collection + Extension.swift */; };
		61C6417828A5369F00B76138 /* SearchViewController + UITableView.swift in Sources */ = {isa = PBXBuildFile; fileRef = 61C6417728A5369F00B76138 /* SearchViewController + UITableView.swift */; };
		61C6417A28A5378600B76138 /* SearchViewController  + UISearchResultUpdating.swift in Sources */ = {isa = PBXBuildFile; fileRef = 61C6417928A5378600B76138 /* SearchViewController  + UISearchResultUpdating.swift */; };
		61DBE504289953FA00BF0E49 /* AppDelegate.swift in Sources */ = {isa = PBXBuildFile; fileRef = 61DBE503289953FA00BF0E49 /* AppDelegate.swift */; };
		61DBE506289953FA00BF0E49 /* SceneDelegate.swift in Sources */ = {isa = PBXBuildFile; fileRef = 61DBE505289953FA00BF0E49 /* SceneDelegate.swift */; };
		61DBE50E289953FA00BF0E49 /* Netlix_CloneApp.xcdatamodeld in Sources */ = {isa = PBXBuildFile; fileRef = 61DBE50C289953FA00BF0E49 /* Netlix_CloneApp.xcdatamodeld */; };
		61DBE510289953FA00BF0E49 /* Assets.xcassets in Resources */ = {isa = PBXBuildFile; fileRef = 61DBE50F289953FA00BF0E49 /* Assets.xcassets */; };
		61DBE513289953FA00BF0E49 /* LaunchScreen.storyboard in Resources */ = {isa = PBXBuildFile; fileRef = 61DBE511289953FA00BF0E49 /* LaunchScreen.storyboard */; };
		61DBE51E289953FA00BF0E49 /* Netlix_CloneAppTests.swift in Sources */ = {isa = PBXBuildFile; fileRef = 61DBE51D289953FA00BF0E49 /* Netlix_CloneAppTests.swift */; };
		61DBE528289953FA00BF0E49 /* Netlix_CloneAppUITests.swift in Sources */ = {isa = PBXBuildFile; fileRef = 61DBE527289953FA00BF0E49 /* Netlix_CloneAppUITests.swift */; };
		61DBE52A289953FA00BF0E49 /* Netlix_CloneAppUITestsLaunchTests.swift in Sources */ = {isa = PBXBuildFile; fileRef = 61DBE529289953FA00BF0E49 /* Netlix_CloneAppUITestsLaunchTests.swift */; };
		61DBE53828997CDA00BF0E49 /* NetworkManager.swift in Sources */ = {isa = PBXBuildFile; fileRef = 61DBE53728997CDA00BF0E49 /* NetworkManager.swift */; };
/* End PBXBuildFile section */

/* Begin PBXContainerItemProxy section */
		61DBE51A289953FA00BF0E49 /* PBXContainerItemProxy */ = {
			isa = PBXContainerItemProxy;
			containerPortal = 61DBE4F8289953FA00BF0E49 /* Project object */;
			proxyType = 1;
			remoteGlobalIDString = 61DBE4FF289953FA00BF0E49;
			remoteInfo = "Netlix-CloneApp";
		};
		61DBE524289953FA00BF0E49 /* PBXContainerItemProxy */ = {
			isa = PBXContainerItemProxy;
			containerPortal = 61DBE4F8289953FA00BF0E49 /* Project object */;
			proxyType = 1;
			remoteGlobalIDString = 61DBE4FF289953FA00BF0E49;
			remoteInfo = "Netlix-CloneApp";
		};
/* End PBXContainerItemProxy section */

/* Begin PBXFileReference section */
		6127289B28C4C9BD0003F943 /* MovieCellViewModel.swift */ = {isa = PBXFileReference; lastKnownFileType = sourcecode.swift; path = MovieCellViewModel.swift; sourceTree = "<group>"; };
		6128047E28B78E12000D5B33 /* SearchViewModel.swift */ = {isa = PBXFileReference; lastKnownFileType = sourcecode.swift; path = SearchViewModel.swift; sourceTree = "<group>"; };
		612E684A289D628E00A3098A /* TabBarViewController.swift */ = {isa = PBXFileReference; lastKnownFileType = sourcecode.swift; path = TabBarViewController.swift; sourceTree = "<group>"; };
		613006E928A0FD9600F89C0D /* HomeViewController.swift */ = {isa = PBXFileReference; lastKnownFileType = sourcecode.swift; path = HomeViewController.swift; sourceTree = "<group>"; };
		613006ED28A1094600F89C0D /* Logger.swift */ = {isa = PBXFileReference; lastKnownFileType = sourcecode.swift; path = Logger.swift; sourceTree = "<group>"; };
		613006F028A1319600F89C0D /* HomeViewController + UITableView.swift */ = {isa = PBXFileReference; lastKnownFileType = sourcecode.swift; path = "HomeViewController + UITableView.swift"; sourceTree = "<group>"; };
		613006F928A1828E00F89C0D /* MuviAssets.swift */ = {isa = PBXFileReference; lastKnownFileType = sourcecode.swift; path = MuviAssets.swift; sourceTree = "<group>"; };
		613006FC28A189CF00F89C0D /* String + Extension.swift */ = {isa = PBXFileReference; lastKnownFileType = sourcecode.swift; path = "String + Extension.swift"; sourceTree = "<group>"; };
		6130070028A19A0700F89C0D /* TitleTableViewCell.swift */ = {isa = PBXFileReference; lastKnownFileType = sourcecode.swift; path = TitleTableViewCell.swift; sourceTree = "<group>"; };
		61306AA728C0A7C000DE3B63 /* MovieCollectionViewModel.swift */ = {isa = PBXFileReference; lastKnownFileType = sourcecode.swift; path = MovieCollectionViewModel.swift; sourceTree = "<group>"; };
		6132ED1228A7A31F00B700C9 /* HomeViewModel.swift */ = {isa = PBXFileReference; lastKnownFileType = sourcecode.swift; path = HomeViewModel.swift; sourceTree = "<group>"; };
		61338EEC289BA79A00D5D00B /* MovieResponse.swift */ = {isa = PBXFileReference; lastKnownFileType = sourcecode.swift; path = MovieResponse.swift; sourceTree = "<group>"; };
		61338EEE289BA99200D5D00B /* MovieModel.swift */ = {isa = PBXFileReference; lastKnownFileType = sourcecode.swift; path = MovieModel.swift; sourceTree = "<group>"; };
		61338EF1289BC71500D5D00B /* Router.swift */ = {isa = PBXFileReference; lastKnownFileType = sourcecode.swift; path = Router.swift; sourceTree = "<group>"; };
		61338EF8289C03B900D5D00B /* BaseViewController.swift */ = {isa = PBXFileReference; lastKnownFileType = sourcecode.swift; path = BaseViewController.swift; sourceTree = "<group>"; };
		61338EFA289C03D200D5D00B /* UpComingMovieViewController.swift */ = {isa = PBXFileReference; lastKnownFileType = sourcecode.swift; path = UpComingMovieViewController.swift; sourceTree = "<group>"; };
		61338EFC289C03DF00D5D00B /* SearchViewController.swift */ = {isa = PBXFileReference; lastKnownFileType = sourcecode.swift; path = SearchViewController.swift; sourceTree = "<group>"; };
		61338EFE289C03EA00D5D00B /* DownloadsViewController.swift */ = {isa = PBXFileReference; lastKnownFileType = sourcecode.swift; path = DownloadsViewController.swift; sourceTree = "<group>"; };
		6137399B28BA356200232268 /* SearchResultViewModel.swift */ = {isa = PBXFileReference; lastKnownFileType = sourcecode.swift; path = SearchResultViewModel.swift; sourceTree = "<group>"; };
		6138489528A3E01F00356825 /* SearchResultViewController.swift */ = {isa = PBXFileReference; lastKnownFileType = sourcecode.swift; path = SearchResultViewController.swift; sourceTree = "<group>"; };
		6138489828A430D300356825 /* MovieHeaderView.swift */ = {isa = PBXFileReference; lastKnownFileType = sourcecode.swift; path = MovieHeaderView.swift; sourceTree = "<group>"; };
		613B31EB28A27EEA006EECFF /* UpcomingMovieViewController + UITableView.swift */ = {isa = PBXFileReference; lastKnownFileType = sourcecode.swift; path = "UpcomingMovieViewController + UITableView.swift"; sourceTree = "<group>"; };
		613B31EE28A28763006EECFF /* UpcomingMoviesViewModel.swift */ = {isa = PBXFileReference; lastKnownFileType = sourcecode.swift; path = UpcomingMoviesViewModel.swift; sourceTree = "<group>"; };
		613B31F028A28841006EECFF /* ImageDownload + UIImageView.swift */ = {isa = PBXFileReference; lastKnownFileType = sourcecode.swift; path = "ImageDownload + UIImageView.swift"; sourceTree = "<group>"; };
		613B31F228A28A40006EECFF /* AppConstants.swift */ = {isa = PBXFileReference; lastKnownFileType = sourcecode.swift; path = AppConstants.swift; sourceTree = "<group>"; };
		613B31F528A39F08006EECFF /* MovieDetailViewModel.swift */ = {isa = PBXFileReference; lastKnownFileType = sourcecode.swift; path = MovieDetailViewModel.swift; sourceTree = "<group>"; };
		613B31F728A3A0F9006EECFF /* DataPersistentManager.swift */ = {isa = PBXFileReference; lastKnownFileType = sourcecode.swift; path = DataPersistentManager.swift; sourceTree = "<group>"; };
		61400E6228A64689004D1977 /* SearchResultViewController + UICollectionView.swift */ = {isa = PBXFileReference; lastKnownFileType = sourcecode.swift; path = "SearchResultViewController + UICollectionView.swift"; sourceTree = "<group>"; };
		61400E6428A66A5E004D1977 /* YoutubeSearchResponse.swift */ = {isa = PBXFileReference; lastKnownFileType = sourcecode.swift; path = YoutubeSearchResponse.swift; sourceTree = "<group>"; };
		61400E6628A66AA9004D1977 /* YoutubeSearchModel.swift */ = {isa = PBXFileReference; lastKnownFileType = sourcecode.swift; path = YoutubeSearchModel.swift; sourceTree = "<group>"; };
		61400E6928A6748B004D1977 /* MovieDetailViewController.swift */ = {isa = PBXFileReference; lastKnownFileType = sourcecode.swift; path = MovieDetailViewController.swift; sourceTree = "<group>"; };
		614254E4289AB5CE00CAA465 /* NetworkService.swift */ = {isa = PBXFileReference; lastKnownFileType = sourcecode.swift; path = NetworkService.swift; sourceTree = "<group>"; };
		614254E6289AED1600CAA465 /* NetworkServiceEndpoint.swift */ = {isa = PBXFileReference; lastKnownFileType = sourcecode.swift; path = NetworkServiceEndpoint.swift; sourceTree = "<group>"; };
		61C6416E28A4E69500B76138 /* TitleCollectionViewCell.swift */ = {isa = PBXFileReference; lastKnownFileType = sourcecode.swift; path = TitleCollectionViewCell.swift; sourceTree = "<group>"; };
		61C6417028A4EE9900B76138 /* CollectionViewTableViewCell.swift */ = {isa = PBXFileReference; lastKnownFileType = sourcecode.swift; path = CollectionViewTableViewCell.swift; sourceTree = "<group>"; };
		61C6417328A528A300B76138 /* DownloadsViewControllers + UITableView.swift */ = {isa = PBXFileReference; lastKnownFileType = sourcecode.swift; path = "DownloadsViewControllers + UITableView.swift"; sourceTree = "<group>"; };
		61C6417528A5290500B76138 /* Collection + Extension.swift */ = {isa = PBXFileReference; lastKnownFileType = sourcecode.swift; path = "Collection + Extension.swift"; sourceTree = "<group>"; };
		61C6417728A5369F00B76138 /* SearchViewController + UITableView.swift */ = {isa = PBXFileReference; lastKnownFileType = sourcecode.swift; path = "SearchViewController + UITableView.swift"; sourceTree = "<group>"; };
		61C6417928A5378600B76138 /* SearchViewController  + UISearchResultUpdating.swift */ = {isa = PBXFileReference; lastKnownFileType = sourcecode.swift; path = "SearchViewController  + UISearchResultUpdating.swift"; sourceTree = "<group>"; };
		61DBE500289953FA00BF0E49 /* Netlix-CloneApp.app */ = {isa = PBXFileReference; explicitFileType = wrapper.application; includeInIndex = 0; path = "Netlix-CloneApp.app"; sourceTree = BUILT_PRODUCTS_DIR; };
		61DBE503289953FA00BF0E49 /* AppDelegate.swift */ = {isa = PBXFileReference; lastKnownFileType = sourcecode.swift; path = AppDelegate.swift; sourceTree = "<group>"; };
		61DBE505289953FA00BF0E49 /* SceneDelegate.swift */ = {isa = PBXFileReference; lastKnownFileType = sourcecode.swift; path = SceneDelegate.swift; sourceTree = "<group>"; };
		61DBE50D289953FA00BF0E49 /* Netlix_CloneApp.xcdatamodel */ = {isa = PBXFileReference; lastKnownFileType = wrapper.xcdatamodel; path = Netlix_CloneApp.xcdatamodel; sourceTree = "<group>"; };
		61DBE50F289953FA00BF0E49 /* Assets.xcassets */ = {isa = PBXFileReference; lastKnownFileType = folder.assetcatalog; path = Assets.xcassets; sourceTree = "<group>"; };
		61DBE512289953FA00BF0E49 /* Base */ = {isa = PBXFileReference; lastKnownFileType = file.storyboard; name = Base; path = Base.lproj/LaunchScreen.storyboard; sourceTree = "<group>"; };
		61DBE514289953FA00BF0E49 /* Info.plist */ = {isa = PBXFileReference; lastKnownFileType = text.plist.xml; path = Info.plist; sourceTree = "<group>"; };
		61DBE519289953FA00BF0E49 /* Netlix-CloneAppTests.xctest */ = {isa = PBXFileReference; explicitFileType = wrapper.cfbundle; includeInIndex = 0; path = "Netlix-CloneAppTests.xctest"; sourceTree = BUILT_PRODUCTS_DIR; };
		61DBE51D289953FA00BF0E49 /* Netlix_CloneAppTests.swift */ = {isa = PBXFileReference; lastKnownFileType = sourcecode.swift; path = Netlix_CloneAppTests.swift; sourceTree = "<group>"; };
		61DBE523289953FA00BF0E49 /* Netlix-CloneAppUITests.xctest */ = {isa = PBXFileReference; explicitFileType = wrapper.cfbundle; includeInIndex = 0; path = "Netlix-CloneAppUITests.xctest"; sourceTree = BUILT_PRODUCTS_DIR; };
		61DBE527289953FA00BF0E49 /* Netlix_CloneAppUITests.swift */ = {isa = PBXFileReference; lastKnownFileType = sourcecode.swift; path = Netlix_CloneAppUITests.swift; sourceTree = "<group>"; };
		61DBE529289953FA00BF0E49 /* Netlix_CloneAppUITestsLaunchTests.swift */ = {isa = PBXFileReference; lastKnownFileType = sourcecode.swift; path = Netlix_CloneAppUITestsLaunchTests.swift; sourceTree = "<group>"; };
		61DBE53728997CDA00BF0E49 /* NetworkManager.swift */ = {isa = PBXFileReference; lastKnownFileType = sourcecode.swift; path = NetworkManager.swift; sourceTree = "<group>"; };
/* End PBXFileReference section */

/* Begin PBXFrameworksBuildPhase section */
		61DBE4FD289953FA00BF0E49 /* Frameworks */ = {
			isa = PBXFrameworksBuildPhase;
			buildActionMask = 2147483647;
			files = (
			);
			runOnlyForDeploymentPostprocessing = 0;
		};
		61DBE516289953FA00BF0E49 /* Frameworks */ = {
			isa = PBXFrameworksBuildPhase;
			buildActionMask = 2147483647;
			files = (
			);
			runOnlyForDeploymentPostprocessing = 0;
		};
		61DBE520289953FA00BF0E49 /* Frameworks */ = {
			isa = PBXFrameworksBuildPhase;
			buildActionMask = 2147483647;
			files = (
			);
			runOnlyForDeploymentPostprocessing = 0;
		};
/* End PBXFrameworksBuildPhase section */

/* Begin PBXGroup section */
		6128047D28B78DFF000D5B33 /* ViewModel */ = {
			isa = PBXGroup;
			children = (
				6128047E28B78E12000D5B33 /* SearchViewModel.swift */,
				6137399B28BA356200232268 /* SearchResultViewModel.swift */,
			);
			path = ViewModel;
			sourceTree = "<group>";
		};
		612E6849289D627C00A3098A /* TabBar */ = {
			isa = PBXGroup;
			children = (
				612E684A289D628E00A3098A /* TabBarViewController.swift */,
			);
			path = TabBar;
			sourceTree = "<group>";
		};
		613006E828A0FD8300F89C0D /* Home */ = {
			isa = PBXGroup;
			children = (
				6139967428B38EA100959F07 /* View */,
				613B31F428A39EFF006EECFF /* ViewModel */,
				613006EF28A130EF00F89C0D /* ViewControllers */,
			);
			path = Home;
			sourceTree = "<group>";
		};
		613006EB28A1005000F89C0D /* Utility */ = {
			isa = PBXGroup;
			children = (
				613006FB28A1899E00F89C0D /* Common */,
				613006EC28A1093900F89C0D /* Logger */,
				613B31F228A28A40006EECFF /* AppConstants.swift */,
			);
			path = Utility;
			sourceTree = "<group>";
		};
		613006EC28A1093900F89C0D /* Logger */ = {
			isa = PBXGroup;
			children = (
				613006ED28A1094600F89C0D /* Logger.swift */,
			);
			path = Logger;
			sourceTree = "<group>";
		};
		613006EF28A130EF00F89C0D /* ViewControllers */ = {
			isa = PBXGroup;
			children = (
				613006E928A0FD9600F89C0D /* HomeViewController.swift */,
				613006F028A1319600F89C0D /* HomeViewController + UITableView.swift */,
			);
			path = ViewControllers;
			sourceTree = "<group>";
		};
		613006F828A1824900F89C0D /* Resources */ = {
			isa = PBXGroup;
			children = (
				613006F928A1828E00F89C0D /* MuviAssets.swift */,
			);
			path = Resources;
			sourceTree = "<group>";
		};
		613006FB28A1899E00F89C0D /* Common */ = {
			isa = PBXGroup;
			children = (
				613006FC28A189CF00F89C0D /* String + Extension.swift */,
				613B31F028A28841006EECFF /* ImageDownload + UIImageView.swift */,
				61C6417528A5290500B76138 /* Collection + Extension.swift */,
			);
			path = Common;
			sourceTree = "<group>";
		};
		613006FE28A199EC00F89C0D /* View */ = {
			isa = PBXGroup;
			children = (
			);
			path = View;
			sourceTree = "<group>";
		};
		613006FF28A199F200F89C0D /* Cell */ = {
			isa = PBXGroup;
			children = (
				6130070028A19A0700F89C0D /* TitleTableViewCell.swift */,
			);
			path = Cell;
			sourceTree = "<group>";
		};
		6130070228A19A2900F89C0D /* ViewControllers */ = {
			isa = PBXGroup;
			children = (
				61338EFA289C03D200D5D00B /* UpComingMovieViewController.swift */,
				613B31EB28A27EEA006EECFF /* UpcomingMovieViewController + UITableView.swift */,
			);
			path = ViewControllers;
			sourceTree = "<group>";
		};
		61338EEB289BA78D00D5D00B /* Model */ = {
			isa = PBXGroup;
			children = (
				61338EEC289BA79A00D5D00B /* MovieResponse.swift */,
				61338EEE289BA99200D5D00B /* MovieModel.swift */,
				61400E6428A66A5E004D1977 /* YoutubeSearchResponse.swift */,
				61400E6628A66AA9004D1977 /* YoutubeSearchModel.swift */,
			);
			path = Model;
			sourceTree = "<group>";
		};
		61338EF0289BC70600D5D00B /* Router */ = {
			isa = PBXGroup;
			children = (
				61338EF1289BC71500D5D00B /* Router.swift */,
			);
			path = Router;
			sourceTree = "<group>";
		};
		61338EF3289BFC2000D5D00B /* Modules */ = {
			isa = PBXGroup;
			children = (
				612E6849289D627C00A3098A /* TabBar */,
				61400E6828A67474004D1977 /* MovieDetail */,
				613006E828A0FD8300F89C0D /* Home */,
				61338EF7289C028300D5D00B /* DownloadsMovie */,
				61338EF6289C027C00D5D00B /* Search */,
				61338EF5289C026D00D5D00B /* UpcomingMovie */,
				61338EF4289C025D00D5D00B /* Base */,
			);
			path = Modules;
			sourceTree = "<group>";
		};
		61338EF4289C025D00D5D00B /* Base */ = {
			isa = PBXGroup;
			children = (
				61338EF8289C03B900D5D00B /* BaseViewController.swift */,
			);
			path = Base;
			sourceTree = "<group>";
		};
		61338EF5289C026D00D5D00B /* UpcomingMovie */ = {
			isa = PBXGroup;
			children = (
				613B31ED28A28758006EECFF /* ViewModel */,
				613006FF28A199F200F89C0D /* Cell */,
				6130070228A19A2900F89C0D /* ViewControllers */,
				613006FE28A199EC00F89C0D /* View */,
			);
			path = UpcomingMovie;
			sourceTree = "<group>";
		};
		61338EF6289C027C00D5D00B /* Search */ = {
			isa = PBXGroup;
			children = (
				6128047D28B78DFF000D5B33 /* ViewModel */,
				61400E6128A64657004D1977 /* SearchResult */,
				6138489328A3DA1400356825 /* ViewControllers */,
			);
			path = Search;
			sourceTree = "<group>";
		};
		61338EF7289C028300D5D00B /* DownloadsMovie */ = {
			isa = PBXGroup;
			children = (
				6139967528B38F1F00959F07 /* ViewModel */,
				61C6417228A5288E00B76138 /* ViewControllers */,
			);
			path = DownloadsMovie;
			sourceTree = "<group>";
		};
		6138489328A3DA1400356825 /* ViewControllers */ = {
			isa = PBXGroup;
			children = (
				61338EFC289C03DF00D5D00B /* SearchViewController.swift */,
				61C6417728A5369F00B76138 /* SearchViewController + UITableView.swift */,
				61C6417928A5378600B76138 /* SearchViewController  + UISearchResultUpdating.swift */,
			);
			path = ViewControllers;
			sourceTree = "<group>";
		};
		6139967428B38EA100959F07 /* View */ = {
			isa = PBXGroup;
			children = (
				61C6416E28A4E69500B76138 /* TitleCollectionViewCell.swift */,
				6138489828A430D300356825 /* MovieHeaderView.swift */,
				61C6417028A4EE9900B76138 /* CollectionViewTableViewCell.swift */,
			);
			path = View;
			sourceTree = "<group>";
		};
		6139967528B38F1F00959F07 /* ViewModel */ = {
			isa = PBXGroup;
			children = (
			);
			path = ViewModel;
			sourceTree = "<group>";
		};
		613B31ED28A28758006EECFF /* ViewModel */ = {
			isa = PBXGroup;
			children = (
				613B31EE28A28763006EECFF /* UpcomingMoviesViewModel.swift */,
			);
			path = ViewModel;
			sourceTree = "<group>";
		};
		613B31F428A39EFF006EECFF /* ViewModel */ = {
			isa = PBXGroup;
			children = (
				6132ED1228A7A31F00B700C9 /* HomeViewModel.swift */,
				61306AA728C0A7C000DE3B63 /* MovieCollectionViewModel.swift */,
				6127289B28C4C9BD0003F943 /* MovieCellViewModel.swift */,
			);
			path = ViewModel;
			sourceTree = "<group>";
		};
		61400E6128A64657004D1977 /* SearchResult */ = {
			isa = PBXGroup;
			children = (
				6138489528A3E01F00356825 /* SearchResultViewController.swift */,
				61400E6228A64689004D1977 /* SearchResultViewController + UICollectionView.swift */,
			);
			path = SearchResult;
			sourceTree = "<group>";
		};
		61400E6828A67474004D1977 /* MovieDetail */ = {
			isa = PBXGroup;
			children = (
				61400E6C28A67496004D1977 /* ViewController */,
				61400E6B28A6748F004D1977 /* ViewModel */,
			);
			path = MovieDetail;
			sourceTree = "<group>";
		};
		61400E6B28A6748F004D1977 /* ViewModel */ = {
			isa = PBXGroup;
			children = (
				613B31F528A39F08006EECFF /* MovieDetailViewModel.swift */,
			);
			path = ViewModel;
			sourceTree = "<group>";
		};
		61400E6C28A67496004D1977 /* ViewController */ = {
			isa = PBXGroup;
			children = (
				61400E6928A6748B004D1977 /* MovieDetailViewController.swift */,
			);
			path = ViewController;
			sourceTree = "<group>";
		};
		614254E3289AB5B700CAA465 /* Service */ = {
			isa = PBXGroup;
			children = (
				614254E4289AB5CE00CAA465 /* NetworkService.swift */,
				614254E6289AED1600CAA465 /* NetworkServiceEndpoint.swift */,
			);
			path = Service;
			sourceTree = "<group>";
		};
		61C6417228A5288E00B76138 /* ViewControllers */ = {
			isa = PBXGroup;
			children = (
				61338EFE289C03EA00D5D00B /* DownloadsViewController.swift */,
				61C6417328A528A300B76138 /* DownloadsViewControllers + UITableView.swift */,
			);
			path = ViewControllers;
			sourceTree = "<group>";
		};
		61DBE4F7289953FA00BF0E49 = {
			isa = PBXGroup;
			children = (
				61DBE502289953FA00BF0E49 /* Netlix-CloneApp */,
				61DBE51C289953FA00BF0E49 /* Netlix-CloneAppTests */,
				61DBE526289953FA00BF0E49 /* Netlix-CloneAppUITests */,
				61DBE501289953FA00BF0E49 /* Products */,
			);
			sourceTree = "<group>";
		};
		61DBE501289953FA00BF0E49 /* Products */ = {
			isa = PBXGroup;
			children = (
				61DBE500289953FA00BF0E49 /* Netlix-CloneApp.app */,
				61DBE519289953FA00BF0E49 /* Netlix-CloneAppTests.xctest */,
				61DBE523289953FA00BF0E49 /* Netlix-CloneAppUITests.xctest */,
			);
			name = Products;
			sourceTree = "<group>";
		};
		61DBE502289953FA00BF0E49 /* Netlix-CloneApp */ = {
			isa = PBXGroup;
			children = (
				613006F828A1824900F89C0D /* Resources */,
				61338EF0289BC70600D5D00B /* Router */,
				614254E3289AB5B700CAA465 /* Service */,
				61338EEB289BA78D00D5D00B /* Model */,
				61DBE53628997B9500BF0E49 /* Managers */,
				613006EB28A1005000F89C0D /* Utility */,
				61338EF3289BFC2000D5D00B /* Modules */,
				61DBE503289953FA00BF0E49 /* AppDelegate.swift */,
				61DBE505289953FA00BF0E49 /* SceneDelegate.swift */,
				61DBE50F289953FA00BF0E49 /* Assets.xcassets */,
				61DBE511289953FA00BF0E49 /* LaunchScreen.storyboard */,
				61DBE514289953FA00BF0E49 /* Info.plist */,
				61DBE50C289953FA00BF0E49 /* Netlix_CloneApp.xcdatamodeld */,
			);
			path = "Netlix-CloneApp";
			sourceTree = "<group>";
		};
		61DBE51C289953FA00BF0E49 /* Netlix-CloneAppTests */ = {
			isa = PBXGroup;
			children = (
				61DBE51D289953FA00BF0E49 /* Netlix_CloneAppTests.swift */,
			);
			path = "Netlix-CloneAppTests";
			sourceTree = "<group>";
		};
		61DBE526289953FA00BF0E49 /* Netlix-CloneAppUITests */ = {
			isa = PBXGroup;
			children = (
				61DBE527289953FA00BF0E49 /* Netlix_CloneAppUITests.swift */,
				61DBE529289953FA00BF0E49 /* Netlix_CloneAppUITestsLaunchTests.swift */,
			);
			path = "Netlix-CloneAppUITests";
			sourceTree = "<group>";
		};
		61DBE53628997B9500BF0E49 /* Managers */ = {
			isa = PBXGroup;
			children = (
				61DBE53728997CDA00BF0E49 /* NetworkManager.swift */,
				613B31F728A3A0F9006EECFF /* DataPersistentManager.swift */,
			);
			path = Managers;
			sourceTree = "<group>";
		};
/* End PBXGroup section */

/* Begin PBXNativeTarget section */
		61DBE4FF289953FA00BF0E49 /* Netlix-CloneApp */ = {
			isa = PBXNativeTarget;
			buildConfigurationList = 61DBE52D289953FA00BF0E49 /* Build configuration list for PBXNativeTarget "Netlix-CloneApp" */;
			buildPhases = (
				61DBE4FC289953FA00BF0E49 /* Sources */,
				61DBE4FD289953FA00BF0E49 /* Frameworks */,
				61DBE4FE289953FA00BF0E49 /* Resources */,
			);
			buildRules = (
			);
			dependencies = (
			);
			name = "Netlix-CloneApp";
			productName = "Netlix-CloneApp";
			productReference = 61DBE500289953FA00BF0E49 /* Netlix-CloneApp.app */;
			productType = "com.apple.product-type.application";
		};
		61DBE518289953FA00BF0E49 /* Netlix-CloneAppTests */ = {
			isa = PBXNativeTarget;
			buildConfigurationList = 61DBE530289953FA00BF0E49 /* Build configuration list for PBXNativeTarget "Netlix-CloneAppTests" */;
			buildPhases = (
				61DBE515289953FA00BF0E49 /* Sources */,
				61DBE516289953FA00BF0E49 /* Frameworks */,
				61DBE517289953FA00BF0E49 /* Resources */,
			);
			buildRules = (
			);
			dependencies = (
				61DBE51B289953FA00BF0E49 /* PBXTargetDependency */,
			);
			name = "Netlix-CloneAppTests";
			productName = "Netlix-CloneAppTests";
			productReference = 61DBE519289953FA00BF0E49 /* Netlix-CloneAppTests.xctest */;
			productType = "com.apple.product-type.bundle.unit-test";
		};
		61DBE522289953FA00BF0E49 /* Netlix-CloneAppUITests */ = {
			isa = PBXNativeTarget;
			buildConfigurationList = 61DBE533289953FA00BF0E49 /* Build configuration list for PBXNativeTarget "Netlix-CloneAppUITests" */;
			buildPhases = (
				61DBE51F289953FA00BF0E49 /* Sources */,
				61DBE520289953FA00BF0E49 /* Frameworks */,
				61DBE521289953FA00BF0E49 /* Resources */,
			);
			buildRules = (
			);
			dependencies = (
				61DBE525289953FA00BF0E49 /* PBXTargetDependency */,
			);
			name = "Netlix-CloneAppUITests";
			productName = "Netlix-CloneAppUITests";
			productReference = 61DBE523289953FA00BF0E49 /* Netlix-CloneAppUITests.xctest */;
			productType = "com.apple.product-type.bundle.ui-testing";
		};
/* End PBXNativeTarget section */

/* Begin PBXProject section */
		61DBE4F8289953FA00BF0E49 /* Project object */ = {
			isa = PBXProject;
			attributes = {
				BuildIndependentTargetsInParallel = 1;
				LastSwiftUpdateCheck = 1340;
				LastUpgradeCheck = 1340;
				TargetAttributes = {
					61DBE4FF289953FA00BF0E49 = {
						CreatedOnToolsVersion = 13.4.1;
					};
					61DBE518289953FA00BF0E49 = {
						CreatedOnToolsVersion = 13.4.1;
						TestTargetID = 61DBE4FF289953FA00BF0E49;
					};
					61DBE522289953FA00BF0E49 = {
						CreatedOnToolsVersion = 13.4.1;
						TestTargetID = 61DBE4FF289953FA00BF0E49;
					};
				};
			};
			buildConfigurationList = 61DBE4FB289953FA00BF0E49 /* Build configuration list for PBXProject "Netlix-CloneApp" */;
			compatibilityVersion = "Xcode 13.0";
			developmentRegion = en;
			hasScannedForEncodings = 0;
			knownRegions = (
				en,
				Base,
			);
			mainGroup = 61DBE4F7289953FA00BF0E49;
			productRefGroup = 61DBE501289953FA00BF0E49 /* Products */;
			projectDirPath = "";
			projectRoot = "";
			targets = (
				61DBE4FF289953FA00BF0E49 /* Netlix-CloneApp */,
				61DBE518289953FA00BF0E49 /* Netlix-CloneAppTests */,
				61DBE522289953FA00BF0E49 /* Netlix-CloneAppUITests */,
			);
		};
/* End PBXProject section */

/* Begin PBXResourcesBuildPhase section */
		61DBE4FE289953FA00BF0E49 /* Resources */ = {
			isa = PBXResourcesBuildPhase;
			buildActionMask = 2147483647;
			files = (
				61DBE513289953FA00BF0E49 /* LaunchScreen.storyboard in Resources */,
				61DBE510289953FA00BF0E49 /* Assets.xcassets in Resources */,
			);
			runOnlyForDeploymentPostprocessing = 0;
		};
		61DBE517289953FA00BF0E49 /* Resources */ = {
			isa = PBXResourcesBuildPhase;
			buildActionMask = 2147483647;
			files = (
			);
			runOnlyForDeploymentPostprocessing = 0;
		};
		61DBE521289953FA00BF0E49 /* Resources */ = {
			isa = PBXResourcesBuildPhase;
			buildActionMask = 2147483647;
			files = (
			);
			runOnlyForDeploymentPostprocessing = 0;
		};
/* End PBXResourcesBuildPhase section */

/* Begin PBXSourcesBuildPhase section */
		61DBE4FC289953FA00BF0E49 /* Sources */ = {
			isa = PBXSourcesBuildPhase;
			buildActionMask = 2147483647;
			files = (
				6137399C28BA356200232268 /* SearchResultViewModel.swift in Sources */,
				613B31F128A28841006EECFF /* ImageDownload + UIImageView.swift in Sources */,
				613006FD28A189CF00F89C0D /* String + Extension.swift in Sources */,
				61338EEF289BA99200D5D00B /* MovieModel.swift in Sources */,
				61C6416F28A4E69500B76138 /* TitleCollectionViewCell.swift in Sources */,
				613B31F628A39F08006EECFF /* MovieDetailViewModel.swift in Sources */,
				61C6417428A528A300B76138 /* DownloadsViewControllers + UITableView.swift in Sources */,
				61338EFF289C03EA00D5D00B /* DownloadsViewController.swift in Sources */,
				61338EF9289C03B900D5D00B /* BaseViewController.swift in Sources */,
				613B31F828A3A0F9006EECFF /* DataPersistentManager.swift in Sources */,
				61338EF2289BC71500D5D00B /* Router.swift in Sources */,
				613006F128A1319600F89C0D /* HomeViewController + UITableView.swift in Sources */,
				61C6417628A5290500B76138 /* Collection + Extension.swift in Sources */,
				61400E6528A66A5E004D1977 /* YoutubeSearchResponse.swift in Sources */,
				612E684B289D628E00A3098A /* TabBarViewController.swift in Sources */,
				6138489628A3E01F00356825 /* SearchResultViewController.swift in Sources */,
				61C6417A28A5378600B76138 /* SearchViewController  + UISearchResultUpdating.swift in Sources */,
				613006EA28A0FD9600F89C0D /* HomeViewController.swift in Sources */,
				61400E6328A64689004D1977 /* SearchResultViewController + UICollectionView.swift in Sources */,
				614254E7289AED1600CAA465 /* NetworkServiceEndpoint.swift in Sources */,
				613006EE28A1094600F89C0D /* Logger.swift in Sources */,
				61C6417828A5369F00B76138 /* SearchViewController + UITableView.swift in Sources */,
				61DBE50E289953FA00BF0E49 /* Netlix_CloneApp.xcdatamodeld in Sources */,
				61DBE504289953FA00BF0E49 /* AppDelegate.swift in Sources */,
				61338EFB289C03D200D5D00B /* UpComingMovieViewController.swift in Sources */,
				61306AA828C0A7C000DE3B63 /* MovieCollectionViewModel.swift in Sources */,
				6138489928A430D300356825 /* MovieHeaderView.swift in Sources */,
				6130070128A19A0700F89C0D /* TitleTableViewCell.swift in Sources */,
				6128047F28B78E12000D5B33 /* SearchViewModel.swift in Sources */,
				6127289C28C4C9BD0003F943 /* MovieCellViewModel.swift in Sources */,
				61C6417128A4EE9900B76138 /* CollectionViewTableViewCell.swift in Sources */,
				613B31EC28A27EEA006EECFF /* UpcomingMovieViewController + UITableView.swift in Sources */,
				61400E6728A66AA9004D1977 /* YoutubeSearchModel.swift in Sources */,
				61338EFD289C03DF00D5D00B /* SearchViewController.swift in Sources */,
				61DBE53828997CDA00BF0E49 /* NetworkManager.swift in Sources */,
				61338EED289BA79A00D5D00B /* MovieResponse.swift in Sources */,
				61400E6A28A6748B004D1977 /* MovieDetailViewController.swift in Sources */,
				613B31F328A28A40006EECFF /* AppConstants.swift in Sources */,
				6132ED1328A7A31F00B700C9 /* HomeViewModel.swift in Sources */,
				614254E5289AB5CE00CAA465 /* NetworkService.swift in Sources */,
				61DBE506289953FA00BF0E49 /* SceneDelegate.swift in Sources */,
				613006FA28A1828E00F89C0D /* MuviAssets.swift in Sources */,
				613B31EF28A28763006EECFF /* UpcomingMoviesViewModel.swift in Sources */,
			);
			runOnlyForDeploymentPostprocessing = 0;
		};
		61DBE515289953FA00BF0E49 /* Sources */ = {
			isa = PBXSourcesBuildPhase;
			buildActionMask = 2147483647;
			files = (
				61DBE51E289953FA00BF0E49 /* Netlix_CloneAppTests.swift in Sources */,
			);
			runOnlyForDeploymentPostprocessing = 0;
		};
		61DBE51F289953FA00BF0E49 /* Sources */ = {
			isa = PBXSourcesBuildPhase;
			buildActionMask = 2147483647;
			files = (
				61DBE52A289953FA00BF0E49 /* Netlix_CloneAppUITestsLaunchTests.swift in Sources */,
				61DBE528289953FA00BF0E49 /* Netlix_CloneAppUITests.swift in Sources */,
			);
			runOnlyForDeploymentPostprocessing = 0;
		};
/* End PBXSourcesBuildPhase section */

/* Begin PBXTargetDependency section */
		61DBE51B289953FA00BF0E49 /* PBXTargetDependency */ = {
			isa = PBXTargetDependency;
			target = 61DBE4FF289953FA00BF0E49 /* Netlix-CloneApp */;
			targetProxy = 61DBE51A289953FA00BF0E49 /* PBXContainerItemProxy */;
		};
		61DBE525289953FA00BF0E49 /* PBXTargetDependency */ = {
			isa = PBXTargetDependency;
			target = 61DBE4FF289953FA00BF0E49 /* Netlix-CloneApp */;
			targetProxy = 61DBE524289953FA00BF0E49 /* PBXContainerItemProxy */;
		};
/* End PBXTargetDependency section */

/* Begin PBXVariantGroup section */
		61DBE511289953FA00BF0E49 /* LaunchScreen.storyboard */ = {
			isa = PBXVariantGroup;
			children = (
				61DBE512289953FA00BF0E49 /* Base */,
			);
			name = LaunchScreen.storyboard;
			sourceTree = "<group>";
		};
/* End PBXVariantGroup section */

/* Begin XCBuildConfiguration section */
		61DBE52B289953FA00BF0E49 /* Debug */ = {
			isa = XCBuildConfiguration;
			buildSettings = {
				ALWAYS_SEARCH_USER_PATHS = NO;
				CLANG_ANALYZER_NONNULL = YES;
				CLANG_ANALYZER_NUMBER_OBJECT_CONVERSION = YES_AGGRESSIVE;
				CLANG_CXX_LANGUAGE_STANDARD = "gnu++17";
				CLANG_ENABLE_MODULES = YES;
				CLANG_ENABLE_OBJC_ARC = YES;
				CLANG_ENABLE_OBJC_WEAK = YES;
				CLANG_WARN_BLOCK_CAPTURE_AUTORELEASING = YES;
				CLANG_WARN_BOOL_CONVERSION = YES;
				CLANG_WARN_COMMA = YES;
				CLANG_WARN_CONSTANT_CONVERSION = YES;
				CLANG_WARN_DEPRECATED_OBJC_IMPLEMENTATIONS = YES;
				CLANG_WARN_DIRECT_OBJC_ISA_USAGE = YES_ERROR;
				CLANG_WARN_DOCUMENTATION_COMMENTS = YES;
				CLANG_WARN_EMPTY_BODY = YES;
				CLANG_WARN_ENUM_CONVERSION = YES;
				CLANG_WARN_INFINITE_RECURSION = YES;
				CLANG_WARN_INT_CONVERSION = YES;
				CLANG_WARN_NON_LITERAL_NULL_CONVERSION = YES;
				CLANG_WARN_OBJC_IMPLICIT_RETAIN_SELF = YES;
				CLANG_WARN_OBJC_LITERAL_CONVERSION = YES;
				CLANG_WARN_OBJC_ROOT_CLASS = YES_ERROR;
				CLANG_WARN_QUOTED_INCLUDE_IN_FRAMEWORK_HEADER = YES;
				CLANG_WARN_RANGE_LOOP_ANALYSIS = YES;
				CLANG_WARN_STRICT_PROTOTYPES = YES;
				CLANG_WARN_SUSPICIOUS_MOVE = YES;
				CLANG_WARN_UNGUARDED_AVAILABILITY = YES_AGGRESSIVE;
				CLANG_WARN_UNREACHABLE_CODE = YES;
				CLANG_WARN__DUPLICATE_METHOD_MATCH = YES;
				COPY_PHASE_STRIP = NO;
				DEBUG_INFORMATION_FORMAT = dwarf;
				ENABLE_STRICT_OBJC_MSGSEND = YES;
				ENABLE_TESTABILITY = YES;
				GCC_C_LANGUAGE_STANDARD = gnu11;
				GCC_DYNAMIC_NO_PIC = NO;
				GCC_NO_COMMON_BLOCKS = YES;
				GCC_OPTIMIZATION_LEVEL = 0;
				GCC_PREPROCESSOR_DEFINITIONS = (
					"DEBUG=1",
					"$(inherited)",
				);
				GCC_WARN_64_TO_32_BIT_CONVERSION = YES;
				GCC_WARN_ABOUT_RETURN_TYPE = YES_ERROR;
				GCC_WARN_UNDECLARED_SELECTOR = YES;
				GCC_WARN_UNINITIALIZED_AUTOS = YES_AGGRESSIVE;
				GCC_WARN_UNUSED_FUNCTION = YES;
				GCC_WARN_UNUSED_VARIABLE = YES;
				IPHONEOS_DEPLOYMENT_TARGET = 15.5;
				MTL_ENABLE_DEBUG_INFO = INCLUDE_SOURCE;
				MTL_FAST_MATH = YES;
				ONLY_ACTIVE_ARCH = YES;
				SDKROOT = iphoneos;
				SWIFT_ACTIVE_COMPILATION_CONDITIONS = DEBUG;
				SWIFT_OPTIMIZATION_LEVEL = "-Onone";
			};
			name = Debug;
		};
		61DBE52C289953FA00BF0E49 /* Release */ = {
			isa = XCBuildConfiguration;
			buildSettings = {
				ALWAYS_SEARCH_USER_PATHS = NO;
				CLANG_ANALYZER_NONNULL = YES;
				CLANG_ANALYZER_NUMBER_OBJECT_CONVERSION = YES_AGGRESSIVE;
				CLANG_CXX_LANGUAGE_STANDARD = "gnu++17";
				CLANG_ENABLE_MODULES = YES;
				CLANG_ENABLE_OBJC_ARC = YES;
				CLANG_ENABLE_OBJC_WEAK = YES;
				CLANG_WARN_BLOCK_CAPTURE_AUTORELEASING = YES;
				CLANG_WARN_BOOL_CONVERSION = YES;
				CLANG_WARN_COMMA = YES;
				CLANG_WARN_CONSTANT_CONVERSION = YES;
				CLANG_WARN_DEPRECATED_OBJC_IMPLEMENTATIONS = YES;
				CLANG_WARN_DIRECT_OBJC_ISA_USAGE = YES_ERROR;
				CLANG_WARN_DOCUMENTATION_COMMENTS = YES;
				CLANG_WARN_EMPTY_BODY = YES;
				CLANG_WARN_ENUM_CONVERSION = YES;
				CLANG_WARN_INFINITE_RECURSION = YES;
				CLANG_WARN_INT_CONVERSION = YES;
				CLANG_WARN_NON_LITERAL_NULL_CONVERSION = YES;
				CLANG_WARN_OBJC_IMPLICIT_RETAIN_SELF = YES;
				CLANG_WARN_OBJC_LITERAL_CONVERSION = YES;
				CLANG_WARN_OBJC_ROOT_CLASS = YES_ERROR;
				CLANG_WARN_QUOTED_INCLUDE_IN_FRAMEWORK_HEADER = YES;
				CLANG_WARN_RANGE_LOOP_ANALYSIS = YES;
				CLANG_WARN_STRICT_PROTOTYPES = YES;
				CLANG_WARN_SUSPICIOUS_MOVE = YES;
				CLANG_WARN_UNGUARDED_AVAILABILITY = YES_AGGRESSIVE;
				CLANG_WARN_UNREACHABLE_CODE = YES;
				CLANG_WARN__DUPLICATE_METHOD_MATCH = YES;
				COPY_PHASE_STRIP = NO;
				DEBUG_INFORMATION_FORMAT = "dwarf-with-dsym";
				ENABLE_NS_ASSERTIONS = NO;
				ENABLE_STRICT_OBJC_MSGSEND = YES;
				GCC_C_LANGUAGE_STANDARD = gnu11;
				GCC_NO_COMMON_BLOCKS = YES;
				GCC_WARN_64_TO_32_BIT_CONVERSION = YES;
				GCC_WARN_ABOUT_RETURN_TYPE = YES_ERROR;
				GCC_WARN_UNDECLARED_SELECTOR = YES;
				GCC_WARN_UNINITIALIZED_AUTOS = YES_AGGRESSIVE;
				GCC_WARN_UNUSED_FUNCTION = YES;
				GCC_WARN_UNUSED_VARIABLE = YES;
				IPHONEOS_DEPLOYMENT_TARGET = 15.5;
				MTL_ENABLE_DEBUG_INFO = NO;
				MTL_FAST_MATH = YES;
				SDKROOT = iphoneos;
				SWIFT_COMPILATION_MODE = wholemodule;
				SWIFT_OPTIMIZATION_LEVEL = "-O";
				VALIDATE_PRODUCT = YES;
			};
			name = Release;
		};
		61DBE52E289953FA00BF0E49 /* Debug */ = {
			isa = XCBuildConfiguration;
			buildSettings = {
				ASSETCATALOG_COMPILER_APPICON_NAME = AppIcon;
				ASSETCATALOG_COMPILER_GLOBAL_ACCENT_COLOR_NAME = AccentColor;
				CODE_SIGN_STYLE = Automatic;
				CURRENT_PROJECT_VERSION = 1;
				DEVELOPMENT_TEAM = Y6FAW84Z7Y;
				GENERATE_INFOPLIST_FILE = YES;
				INFOPLIST_FILE = "Netlix-CloneApp/Info.plist";
				INFOPLIST_KEY_UIApplicationSupportsIndirectInputEvents = YES;
				INFOPLIST_KEY_UILaunchStoryboardName = LaunchScreen;
				INFOPLIST_KEY_UISupportedInterfaceOrientations = "";
				INFOPLIST_KEY_UISupportedInterfaceOrientations_iPad = "UIInterfaceOrientationPortrait UIInterfaceOrientationPortraitUpsideDown UIInterfaceOrientationLandscapeLeft UIInterfaceOrientationLandscapeRight";
				INFOPLIST_KEY_UISupportedInterfaceOrientations_iPhone = "UIInterfaceOrientationPortrait UIInterfaceOrientationLandscapeLeft UIInterfaceOrientationLandscapeRight";
				IPHONEOS_DEPLOYMENT_TARGET = 15.0;
				LD_RUNPATH_SEARCH_PATHS = (
					"$(inherited)",
					"@executable_path/Frameworks",
				);
				MARKETING_VERSION = 1.0;
				PRODUCT_BUNDLE_IDENTIFIER = "myProject.Netlix-CloneApp";
				PRODUCT_NAME = "$(TARGET_NAME)";
				SWIFT_EMIT_LOC_STRINGS = YES;
				SWIFT_VERSION = 5.0;
				TARGETED_DEVICE_FAMILY = "1,2";
			};
			name = Debug;
		};
		61DBE52F289953FA00BF0E49 /* Release */ = {
			isa = XCBuildConfiguration;
			buildSettings = {
				ASSETCATALOG_COMPILER_APPICON_NAME = AppIcon;
				ASSETCATALOG_COMPILER_GLOBAL_ACCENT_COLOR_NAME = AccentColor;
				CODE_SIGN_STYLE = Automatic;
				CURRENT_PROJECT_VERSION = 1;
				DEVELOPMENT_TEAM = Y6FAW84Z7Y;
				GENERATE_INFOPLIST_FILE = YES;
				INFOPLIST_FILE = "Netlix-CloneApp/Info.plist";
				INFOPLIST_KEY_UIApplicationSupportsIndirectInputEvents = YES;
				INFOPLIST_KEY_UILaunchStoryboardName = LaunchScreen;
				INFOPLIST_KEY_UISupportedInterfaceOrientations = "";
				INFOPLIST_KEY_UISupportedInterfaceOrientations_iPad = "UIInterfaceOrientationPortrait UIInterfaceOrientationPortraitUpsideDown UIInterfaceOrientationLandscapeLeft UIInterfaceOrientationLandscapeRight";
				INFOPLIST_KEY_UISupportedInterfaceOrientations_iPhone = "UIInterfaceOrientationPortrait UIInterfaceOrientationLandscapeLeft UIInterfaceOrientationLandscapeRight";
				IPHONEOS_DEPLOYMENT_TARGET = 15.0;
				LD_RUNPATH_SEARCH_PATHS = (
					"$(inherited)",
					"@executable_path/Frameworks",
				);
				MARKETING_VERSION = 1.0;
				PRODUCT_BUNDLE_IDENTIFIER = "myProject.Netlix-CloneApp";
				PRODUCT_NAME = "$(TARGET_NAME)";
				SWIFT_EMIT_LOC_STRINGS = YES;
				SWIFT_VERSION = 5.0;
				TARGETED_DEVICE_FAMILY = "1,2";
			};
			name = Release;
		};
		61DBE531289953FA00BF0E49 /* Debug */ = {
			isa = XCBuildConfiguration;
			buildSettings = {
				ALWAYS_EMBED_SWIFT_STANDARD_LIBRARIES = YES;
				BUNDLE_LOADER = "$(TEST_HOST)";
				CODE_SIGN_STYLE = Automatic;
				CURRENT_PROJECT_VERSION = 1;
				DEVELOPMENT_TEAM = Y6FAW84Z7Y;
				GENERATE_INFOPLIST_FILE = YES;
				IPHONEOS_DEPLOYMENT_TARGET = 15.5;
				MARKETING_VERSION = 1.0;
				PRODUCT_BUNDLE_IDENTIFIER = "myProject.Netlix-CloneAppTests";
				PRODUCT_NAME = "$(TARGET_NAME)";
				SWIFT_EMIT_LOC_STRINGS = NO;
				SWIFT_VERSION = 5.0;
				TARGETED_DEVICE_FAMILY = "1,2";
				TEST_HOST = "$(BUILT_PRODUCTS_DIR)/Netlix-CloneApp.app/Netlix-CloneApp";
			};
			name = Debug;
		};
		61DBE532289953FA00BF0E49 /* Release */ = {
			isa = XCBuildConfiguration;
			buildSettings = {
				ALWAYS_EMBED_SWIFT_STANDARD_LIBRARIES = YES;
				BUNDLE_LOADER = "$(TEST_HOST)";
				CODE_SIGN_STYLE = Automatic;
				CURRENT_PROJECT_VERSION = 1;
				DEVELOPMENT_TEAM = Y6FAW84Z7Y;
				GENERATE_INFOPLIST_FILE = YES;
				IPHONEOS_DEPLOYMENT_TARGET = 15.5;
				MARKETING_VERSION = 1.0;
				PRODUCT_BUNDLE_IDENTIFIER = "myProject.Netlix-CloneAppTests";
				PRODUCT_NAME = "$(TARGET_NAME)";
				SWIFT_EMIT_LOC_STRINGS = NO;
				SWIFT_VERSION = 5.0;
				TARGETED_DEVICE_FAMILY = "1,2";
				TEST_HOST = "$(BUILT_PRODUCTS_DIR)/Netlix-CloneApp.app/Netlix-CloneApp";
			};
			name = Release;
		};
		61DBE534289953FA00BF0E49 /* Debug */ = {
			isa = XCBuildConfiguration;
			buildSettings = {
				ALWAYS_EMBED_SWIFT_STANDARD_LIBRARIES = YES;
				CODE_SIGN_STYLE = Automatic;
				CURRENT_PROJECT_VERSION = 1;
				DEVELOPMENT_TEAM = Y6FAW84Z7Y;
				GENERATE_INFOPLIST_FILE = YES;
				MARKETING_VERSION = 1.0;
				PRODUCT_BUNDLE_IDENTIFIER = "myProject.Netlix-CloneAppUITests";
				PRODUCT_NAME = "$(TARGET_NAME)";
				SWIFT_EMIT_LOC_STRINGS = NO;
				SWIFT_VERSION = 5.0;
				TARGETED_DEVICE_FAMILY = "1,2";
				TEST_TARGET_NAME = "Netlix-CloneApp";
			};
			name = Debug;
		};
		61DBE535289953FA00BF0E49 /* Release */ = {
			isa = XCBuildConfiguration;
			buildSettings = {
				ALWAYS_EMBED_SWIFT_STANDARD_LIBRARIES = YES;
				CODE_SIGN_STYLE = Automatic;
				CURRENT_PROJECT_VERSION = 1;
				DEVELOPMENT_TEAM = Y6FAW84Z7Y;
				GENERATE_INFOPLIST_FILE = YES;
				MARKETING_VERSION = 1.0;
				PRODUCT_BUNDLE_IDENTIFIER = "myProject.Netlix-CloneAppUITests";
				PRODUCT_NAME = "$(TARGET_NAME)";
				SWIFT_EMIT_LOC_STRINGS = NO;
				SWIFT_VERSION = 5.0;
				TARGETED_DEVICE_FAMILY = "1,2";
				TEST_TARGET_NAME = "Netlix-CloneApp";
			};
			name = Release;
		};
/* End XCBuildConfiguration section */

/* Begin XCConfigurationList section */
		61DBE4FB289953FA00BF0E49 /* Build configuration list for PBXProject "Netlix-CloneApp" */ = {
			isa = XCConfigurationList;
			buildConfigurations = (
				61DBE52B289953FA00BF0E49 /* Debug */,
				61DBE52C289953FA00BF0E49 /* Release */,
			);
			defaultConfigurationIsVisible = 0;
			defaultConfigurationName = Release;
		};
		61DBE52D289953FA00BF0E49 /* Build configuration list for PBXNativeTarget "Netlix-CloneApp" */ = {
			isa = XCConfigurationList;
			buildConfigurations = (
				61DBE52E289953FA00BF0E49 /* Debug */,
				61DBE52F289953FA00BF0E49 /* Release */,
			);
			defaultConfigurationIsVisible = 0;
			defaultConfigurationName = Release;
		};
		61DBE530289953FA00BF0E49 /* Build configuration list for PBXNativeTarget "Netlix-CloneAppTests" */ = {
			isa = XCConfigurationList;
			buildConfigurations = (
				61DBE531289953FA00BF0E49 /* Debug */,
				61DBE532289953FA00BF0E49 /* Release */,
			);
			defaultConfigurationIsVisible = 0;
			defaultConfigurationName = Release;
		};
		61DBE533289953FA00BF0E49 /* Build configuration list for PBXNativeTarget "Netlix-CloneAppUITests" */ = {
			isa = XCConfigurationList;
			buildConfigurations = (
				61DBE534289953FA00BF0E49 /* Debug */,
				61DBE535289953FA00BF0E49 /* Release */,
			);
			defaultConfigurationIsVisible = 0;
			defaultConfigurationName = Release;
		};
/* End XCConfigurationList section */

/* Begin XCVersionGroup section */
		61DBE50C289953FA00BF0E49 /* Netlix_CloneApp.xcdatamodeld */ = {
			isa = XCVersionGroup;
			children = (
				61DBE50D289953FA00BF0E49 /* Netlix_CloneApp.xcdatamodel */,
			);
			currentVersion = 61DBE50D289953FA00BF0E49 /* Netlix_CloneApp.xcdatamodel */;
			path = Netlix_CloneApp.xcdatamodeld;
			sourceTree = "<group>";
			versionGroupType = wrapper.xcdatamodel;
		};
/* End XCVersionGroup section */
	};
	rootObject = 61DBE4F8289953FA00BF0E49 /* Project object */;
}
